
Microsoft Visual Studio Solution File, Format Version 12.00
# Visual Studio 15
VisualStudioVersion = 15.0.27130.2024
MinimumVisualStudioVersion = 10.0.40219.1
Project("{FAE04EC0-301F-11D3-BF4B-00C04F79EFBC}") = "CIS274_XML_Programming_Project", "CIS274_XML_Programming_Project\CIS274_XML_Programming_Project.csproj", "{3832EBF0-F2BC-43D0-888C-3564A6714ED6}"
EndProject
Global
	GlobalSection(SolutionConfigurationPlatforms) = preSolution
		Debug|Any CPU = Debug|Any CPU
		Release|Any CPU = Release|Any CPU
	EndGlobalSection
	GlobalSection(ProjectConfigurationPlatforms) = postSolution
		{3832EBF0-F2BC-43D0-888C-3564A6714ED6}.Debug|Any CPU.ActiveCfg = Debug|Any CPU
		{3832EBF0-F2BC-43D0-888C-3564A6714ED6}.Debug|Any CPU.Build.0 = Debug|Any CPU
		{3832EBF0-F2BC-43D0-888C-3564A6714ED6}.Release|Any CPU.ActiveCfg = Release|Any CPU
		{3832EBF0-F2BC-43D0-888C-3564A6714ED6}.Release|Any CPU.Build.0 = Release|Any CPU
	EndGlobalSection
	GlobalSection(SolutionProperties) = preSolution
		HideSolutionNode = FALSE
	EndGlobalSection
	GlobalSection(ExtensibilityGlobals) = postSolution
		SolutionGuid = {86CE728C-FC52-4DF8-B1C0-82CAE464C661}
	EndGlobalSection
EndGlobal
